
Microsoft Visual Studio Solution File, Format Version 12.00
# Visual Studio Version 16
VisualStudioVersion = 16.0.31129.286
MinimumVisualStudioVersion = 10.0.40219.1
Project("{9A19103F-16F7-4668-BE54-9A1E7A4F7556}") = "Rogedo.LifeEngine", "Rogedo.LifeEngine\Rogedo.LifeEngine.csproj", "{42BD2C83-3B14-4DE4-8FBE-CC2ECE5ABB2A}"
EndProject
Project("{FAE04EC0-301F-11D3-BF4B-00C04F79EFBC}") = "Rogedo.LifeEngine.Test", "Rogedo.LifeEngine.Test\Rogedo.LifeEngine.Test.csproj", "{984AC3A2-FA89-41D5-985F-A6AD535056B0}"
EndProject
Global
	GlobalSection(SolutionConfigurationPlatforms) = preSolution
		Debug|Any CPU = Debug|Any CPU
		Release|Any CPU = Release|Any CPU
	EndGlobalSection
	GlobalSection(ProjectConfigurationPlatforms) = postSolution
		{42BD2C83-3B14-4DE4-8FBE-CC2ECE5ABB2A}.Debug|Any CPU.ActiveCfg = Debug|Any CPU
		{42BD2C83-3B14-4DE4-8FBE-CC2ECE5ABB2A}.Debug|Any CPU.Build.0 = Debug|Any CPU
		{42BD2C83-3B14-4DE4-8FBE-CC2ECE5ABB2A}.Release|Any CPU.ActiveCfg = Release|Any CPU
		{42BD2C83-3B14-4DE4-8FBE-CC2ECE5ABB2A}.Release|Any CPU.Build.0 = Release|Any CPU
		{984AC3A2-FA89-41D5-985F-A6AD535056B0}.Debug|Any CPU.ActiveCfg = Debug|Any CPU
		{984AC3A2-FA89-41D5-985F-A6AD535056B0}.Debug|Any CPU.Build.0 = Debug|Any CPU
		{984AC3A2-FA89-41D5-985F-A6AD535056B0}.Release|Any CPU.ActiveCfg = Release|Any CPU
		{984AC3A2-FA89-41D5-985F-A6AD535056B0}.Release|Any CPU.Build.0 = Release|Any CPU
	EndGlobalSection
	GlobalSection(SolutionProperties) = preSolution
		HideSolutionNode = FALSE
	EndGlobalSection
	GlobalSection(ExtensibilityGlobals) = postSolution
		SolutionGuid = {760FE2A9-A35F-4044-BCE2-D812584BB846}
	EndGlobalSection
EndGlobal
